{
  "version": 4,
  "terraform_version": "1.11.2",
  "serial": 26,
  "lineage": "75cb668c-6df7-4ff6-f44d-176f6b455e15",
  "outputs": {},
  "resources": [
    {
      "mode": "managed",
      "type": "google_compute_firewall",
      "name": "ssh",
      "provider": "provider[\"registry.terraform.io/hashicorp/google\"]",
      "instances": [
        {
          "schema_version": 1,
          "attributes": {
            "allow": [
              {
                "ports": [
                  "22"
                ],
                "protocol": "tcp"
              }
            ],
            "creation_timestamp": "2025-03-18T16:22:09.832-07:00",
            "deny": [],
            "description": "",
            "destination_ranges": [],
            "direction": "INGRESS",
            "disabled": false,
            "enable_logging": null,
            "id": "projects/skilled-anthem-452614-h7/global/firewalls/allow-ssh",
            "log_config": [],
            "name": "allow-ssh",
            "network": "https://www.googleapis.com/compute/v1/projects/skilled-anthem-452614-h7/global/networks/default",
            "priority": 1000,
            "project": "skilled-anthem-452614-h7",
            "self_link": "https://www.googleapis.com/compute/v1/projects/skilled-anthem-452614-h7/global/firewalls/allow-ssh",
            "source_ranges": [
              "0.0.0.0/0"
            ],
            "source_service_accounts": [],
            "source_tags": [],
            "target_service_accounts": [],
            "target_tags": [
              "ssh"
            ],
            "timeouts": null
          },
          "sensitive_attributes": [],
          "private": "eyJlMmJmYjczMC1lY2FhLTExZTYtOGY4OC0zNDM2M2JjN2M0YzAiOnsiY3JlYXRlIjoxMjAwMDAwMDAwMDAwLCJkZWxldGUiOjEyMDAwMDAwMDAwMDAsInVwZGF0ZSI6MTIwMDAwMDAwMDAwMH0sInNjaGVtYV92ZXJzaW9uIjoiMSJ9"
        }
      ]
    },
    {
      "mode": "managed",
      "type": "google_compute_instance",
      "name": "nour",
      "provider": "provider[\"registry.terraform.io/hashicorp/google\"]",
      "instances": [
        {
          "schema_version": 6,
          "attributes": {
            "advanced_machine_features": [],
            "allow_stopping_for_update": null,
            "attached_disk": [],
            "boot_disk": [
              {
                "auto_delete": true,
                "device_name": "persistent-disk-0",
                "disk_encryption_key_raw": "",
                "disk_encryption_key_sha256": "",
                "initialize_params": [
                  {
                    "enable_confidential_compute": false,
                    "image": "https://www.googleapis.com/compute/v1/projects/ubuntu-os-cloud/global/images/ubuntu-2404-noble-amd64-v20250117",
                    "labels": {},
                    "provisioned_iops": 3060,
                    "provisioned_throughput": 155,
                    "resource_manager_tags": null,
                    "resource_policies": [],
                    "size": 10,
                    "storage_pool": "",
                    "type": "hyperdisk-balanced"
                  }
                ],
                "interface": "",
                "kms_key_self_link": "",
                "mode": "READ_WRITE",
                "source": "https://www.googleapis.com/compute/v1/projects/skilled-anthem-452614-h7/zones/us-central1-a/disks/ofour-dev"
              }
            ],
            "can_ip_forward": false,
            "confidential_instance_config": [],
            "cpu_platform": "Intel Emerald Rapids",
            "creation_timestamp": "2025-03-19T04:14:24.422-07:00",
            "current_status": "RUNNING",
            "deletion_protection": false,
            "description": "",
            "desired_status": null,
            "effective_labels": {
              "goog-terraform-provisioned": "true"
            },
            "enable_display": false,
            "guest_accelerator": [],
            "hostname": "",
            "id": "projects/skilled-anthem-452614-h7/zones/us-central1-a/instances/ofour-dev",
            "instance_id": "2480593892885862911",
            "key_revocation_action_type": "",
            "label_fingerprint": "vezUS-42LLM=",
            "labels": null,
            "machine_type": "n4-standard-2",
            "metadata": {
              "ssh-keys": "    eliezer:ssh-rsa AAAAB3NzaC1yc2EAAAADAQABAAACAQDwnQxGzvfX2Z7UAXM8KeVj4mxAdXDLVLelE9JaM+/ZfvRataLmIr1/A1A8kX/VUsnKtrBzy6+cggxIaffbIq++V9syTark1mPShZU6QgSY6sdoKfZaTGdrOhAAWBsj4NzEQuHWraa5vsA+aroWacCMZpMXPs+EKLcj91gkLY6nOhO6qnyzdfuK6ZwVUe4U7cODzvuiJPIigHuge6NON3E1mTQu1Yadn884E5pPU4UoDxn9P0KaYxqlCqQAriMghzrBwmiAtIlRcZEO3AII4BE1Yu7+e91qsAt1WXGT5MlJBAQ2W2CXP+R6hbiUlSx0wxSSY37yXg0jMVAOwvDWeTCLg/qN9lgU1JhArwJSg2BlDUHaxZvH/0ZvgakYHUHSOHj3ZorLd2RQwuYgDgWKtfi8R5E1P6uSNW0C4tEwCFfZZfeE2DFg4V1HoTLS4Uc8PSjjLpbCNKxKL1PfewjJ2nmP0ma6tFFNfLUZXxpJSMUZ7vbDW53m7RKM5+m6peFJs21PTVz9ta9HfmfyvQ/+cPPE9rfumcJt4TIOGFYuQmweWUaIaM+6lhYBQUVhAQNWx0Nw0fRXXeicN4AMlv+N9qRu6SVH1Jw1QUi548oZyy7a+WThHgJLIXlqwjVqF4FjzUKDPuw4RV4XxXbTdUvNHh3zQbrzkwDW1kpNIuVb6jnzxQ== student@640721638cf75b810fef59e6.cloud.eddi.xyz\n\n    kevin:ssh-ed25519 AAAAC3NzaC1lZDI1NTE5AAAAIMrXhQnvuj8Yi/Mr8bBiEN3UH9vOJ8AEm8QICvOIgd6G kevin@kevin-Devops\n    nour:ssh-ed25519 AAAAC3NzaC1lZDI1NTE5AAAAIOyZ8mPQzIOgGNKW/k+3jLK7ca5GDGXP7uD+d8S0RHEy noorbelkacem5@gmail.com\n"
            },
            "metadata_fingerprint": "uwwp7hMAsOI=",
            "metadata_startup_script": null,
            "min_cpu_platform": "",
            "name": "ofour-dev",
            "network_interface": [
              {
                "access_config": [
                  {
                    "nat_ip": "34.60.7.251",
                    "network_tier": "PREMIUM",
                    "public_ptr_domain_name": ""
                  }
                ],
                "alias_ip_range": [],
                "internal_ipv6_prefix_length": 0,
                "ipv6_access_config": [],
                "ipv6_access_type": "",
                "ipv6_address": "",
                "name": "nic0",
                "network": "https://www.googleapis.com/compute/v1/projects/skilled-anthem-452614-h7/global/networks/default",
                "network_attachment": "",
                "network_ip": "10.128.0.11",
                "nic_type": "",
                "queue_count": 0,
                "stack_type": "IPV4_ONLY",
                "subnetwork": "https://www.googleapis.com/compute/v1/projects/skilled-anthem-452614-h7/regions/us-central1/subnetworks/default",
                "subnetwork_project": "skilled-anthem-452614-h7"
              }
            ],
            "network_performance_config": [],
            "params": [],
            "project": "skilled-anthem-452614-h7",
            "reservation_affinity": [],
            "resource_policies": null,
            "scheduling": [
              {
                "automatic_restart": true,
                "availability_domain": 0,
                "instance_termination_action": "",
                "local_ssd_recovery_timeout": [],
                "max_run_duration": [],
                "min_node_cpus": 0,
                "node_affinities": [],
                "on_host_maintenance": "MIGRATE",
                "on_instance_stop_action": [],
                "preemptible": false,
                "provisioning_model": "STANDARD",
                "termination_time": ""
              }
            ],
            "scratch_disk": [],
            "self_link": "https://www.googleapis.com/compute/v1/projects/skilled-anthem-452614-h7/zones/us-central1-a/instances/ofour-dev",
            "service_account": [],
            "shielded_instance_config": [
              {
                "enable_integrity_monitoring": true,
                "enable_secure_boot": false,
                "enable_vtpm": true
              }
            ],
            "tags": [
              "ssh"
            ],
            "tags_fingerprint": "pfSjJj1RiUg=",
            "terraform_labels": {
              "goog-terraform-provisioned": "true"
            },
            "timeouts": null,
            "zone": "us-central1-a"
          },
          "sensitive_attributes": [
            [
              {
                "type": "get_attr",
                "value": "boot_disk"
              },
              {
                "type": "index",
                "value": {
                  "value": 0,
                  "type": "number"
                }
              },
              {
                "type": "get_attr",
                "value": "disk_encryption_key_raw"
              }
            ]
          ],
          "private": "eyJlMmJmYjczMC1lY2FhLTExZTYtOGY4OC0zNDM2M2JjN2M0YzAiOnsiY3JlYXRlIjoxMjAwMDAwMDAwMDAwLCJkZWxldGUiOjEyMDAwMDAwMDAwMDAsInVwZGF0ZSI6MTIwMDAwMDAwMDAwMH0sInNjaGVtYV92ZXJzaW9uIjoiNiJ9"
        }
      ]
    },
    {
      "mode": "managed",
      "type": "google_compute_instance",
      "name": "server",
      "provider": "provider[\"registry.terraform.io/hashicorp/google\"]",
      "instances": [
        {
          "schema_version": 6,
          "attributes": {
            "advanced_machine_features": [],
            "allow_stopping_for_update": null,
            "attached_disk": [],
            "boot_disk": [
              {
                "auto_delete": true,
                "device_name": "persistent-disk-0",
                "disk_encryption_key_raw": "",
                "disk_encryption_key_sha256": "",
                "initialize_params": [
                  {
                    "enable_confidential_compute": false,
                    "image": "https://www.googleapis.com/compute/v1/projects/ubuntu-os-cloud/global/images/ubuntu-2404-noble-amd64-v20250117",
                    "labels": {},
                    "provisioned_iops": 3060,
                    "provisioned_throughput": 155,
                    "resource_manager_tags": {},
                    "resource_policies": [],
                    "size": 10,
                    "storage_pool": "",
                    "type": "hyperdisk-balanced"
                  }
                ],
                "interface": "",
                "kms_key_self_link": "",
                "mode": "READ_WRITE",
                "source": "https://www.googleapis.com/compute/v1/projects/skilled-anthem-452614-h7/zones/us-central1-a/disks/ofour-test-server"
              }
            ],
            "can_ip_forward": false,
            "confidential_instance_config": [],
            "cpu_platform": "Intel Emerald Rapids",
            "creation_timestamp": "2025-03-19T04:04:02.848-07:00",
            "current_status": "RUNNING",
            "deletion_protection": false,
            "description": "",
            "desired_status": null,
            "effective_labels": {
              "goog-terraform-provisioned": "true"
            },
            "enable_display": false,
            "guest_accelerator": [],
            "hostname": "",
            "id": "projects/skilled-anthem-452614-h7/zones/us-central1-a/instances/ofour-test-server",
            "instance_id": "2089181651911776845",
            "key_revocation_action_type": "",
            "label_fingerprint": "vezUS-42LLM=",
            "labels": {},
            "machine_type": "n4-standard-2",
            "metadata": {
              "ssh-keys": "    eliezer:ssh-rsa AAAAB3NzaC1yc2EAAAADAQABAAACAQDwnQxGzvfX2Z7UAXM8KeVj4mxAdXDLVLelE9JaM+/ZfvRataLmIr1/A1A8kX/VUsnKtrBzy6+cggxIaffbIq++V9syTark1mPShZU6QgSY6sdoKfZaTGdrOhAAWBsj4NzEQuHWraa5vsA+aroWacCMZpMXPs+EKLcj91gkLY6nOhO6qnyzdfuK6ZwVUe4U7cODzvuiJPIigHuge6NON3E1mTQu1Yadn884E5pPU4UoDxn9P0KaYxqlCqQAriMghzrBwmiAtIlRcZEO3AII4BE1Yu7+e91qsAt1WXGT5MlJBAQ2W2CXP+R6hbiUlSx0wxSSY37yXg0jMVAOwvDWeTCLg/qN9lgU1JhArwJSg2BlDUHaxZvH/0ZvgakYHUHSOHj3ZorLd2RQwuYgDgWKtfi8R5E1P6uSNW0C4tEwCFfZZfeE2DFg4V1HoTLS4Uc8PSjjLpbCNKxKL1PfewjJ2nmP0ma6tFFNfLUZXxpJSMUZ7vbDW53m7RKM5+m6peFJs21PTVz9ta9HfmfyvQ/+cPPE9rfumcJt4TIOGFYuQmweWUaIaM+6lhYBQUVhAQNWx0Nw0fRXXeicN4AMlv+N9qRu6SVH1Jw1QUi548oZyy7a+WThHgJLIXlqwjVqF4FjzUKDPuw4RV4XxXbTdUvNHh3zQbrzkwDW1kpNIuVb6jnzxQ== student@640721638cf75b810fef59e6.cloud.eddi.xyz\n\n    kevin:ssh-ed25519 AAAAC3NzaC1lZDI1NTE5AAAAIMrXhQnvuj8Yi/Mr8bBiEN3UH9vOJ8AEm8QICvOIgd6G kevin@kevin-Devops\n    nour:ssh-ed25519 AAAAC3NzaC1lZDI1NTE5AAAAIOyZ8mPQzIOgGNKW/k+3jLK7ca5GDGXP7uD+d8S0RHEy noorbelkacem5@gmail.com\n"
            },
            "metadata_fingerprint": "uwwp7hMAsOI=",
            "metadata_startup_script": null,
            "min_cpu_platform": "",
            "name": "ofour-test-server",
            "network_interface": [
              {
                "access_config": [
                  {
                    "nat_ip": "34.60.116.45",
                    "network_tier": "PREMIUM",
                    "public_ptr_domain_name": ""
                  }
                ],
                "alias_ip_range": [],
                "internal_ipv6_prefix_length": 0,
                "ipv6_access_config": [],
                "ipv6_access_type": "",
                "ipv6_address": "",
                "name": "nic0",
                "network": "https://www.googleapis.com/compute/v1/projects/skilled-anthem-452614-h7/global/networks/default",
                "network_attachment": "",
                "network_ip": "10.128.0.9",
                "nic_type": "",
                "queue_count": 0,
                "stack_type": "IPV4_ONLY",
                "subnetwork": "https://www.googleapis.com/compute/v1/projects/skilled-anthem-452614-h7/regions/us-central1/subnetworks/default",
                "subnetwork_project": "skilled-anthem-452614-h7"
              }
            ],
            "network_performance_config": [],
            "params": [],
            "project": "skilled-anthem-452614-h7",
            "reservation_affinity": [],
            "resource_policies": [],
            "scheduling": [
              {
                "automatic_restart": true,
                "availability_domain": 0,
                "instance_termination_action": "",
                "local_ssd_recovery_timeout": [],
                "max_run_duration": [],
                "min_node_cpus": 0,
                "node_affinities": [],
                "on_host_maintenance": "MIGRATE",
                "on_instance_stop_action": [],
                "preemptible": false,
                "provisioning_model": "STANDARD",
                "termination_time": ""
              }
            ],
            "scratch_disk": [],
            "self_link": "https://www.googleapis.com/compute/v1/projects/skilled-anthem-452614-h7/zones/us-central1-a/instances/ofour-test-server",
            "service_account": [],
            "shielded_instance_config": [
              {
                "enable_integrity_monitoring": true,
                "enable_secure_boot": false,
                "enable_vtpm": true
              }
            ],
            "tags": [
              "ssh"
            ],
            "tags_fingerprint": "pfSjJj1RiUg=",
            "terraform_labels": {
              "goog-terraform-provisioned": "true"
            },
            "timeouts": null,
            "zone": "us-central1-a"
          },
          "sensitive_attributes": [
            [
              {
                "type": "get_attr",
                "value": "boot_disk"
              },
              {
                "type": "index",
                "value": {
                  "value": 0,
                  "type": "number"
                }
              },
              {
                "type": "get_attr",
                "value": "disk_encryption_key_raw"
              }
            ]
          ],
          "private": "eyJlMmJmYjczMC1lY2FhLTExZTYtOGY4OC0zNDM2M2JjN2M0YzAiOnsiY3JlYXRlIjoxMjAwMDAwMDAwMDAwLCJkZWxldGUiOjEyMDAwMDAwMDAwMDAsInVwZGF0ZSI6MTIwMDAwMDAwMDAwMH0sInNjaGVtYV92ZXJzaW9uIjoiNiJ9"
        }
      ]
    }
  ],
  "check_results": null
}
