{
  "version": 4,
  "terraform_version": "1.11.2",
  "serial": 253,
  "lineage": "74149613-e0b2-5f00-f2d0-4013ed3f019f",
  "outputs": {},
  "resources": [
    {
      "mode": "managed",
      "type": "google_compute_address",
      "name": "default",
      "provider": "provider[\"registry.terraform.io/hashicorp/google\"]",
      "instances": [
        {
          "schema_version": 0,
          "attributes": {
            "address": "34.59.46.75",
            "address_type": "EXTERNAL",
            "creation_timestamp": "2025-03-24T08:13:42.377-07:00",
            "description": "",
            "effective_labels": {
              "goog-terraform-provisioned": "true"
            },
            "id": "projects/ofour-452518/regions/us-central1/addresses/ofour-static-ip",
            "ip_version": "",
            "ipv6_endpoint_type": "",
            "label_fingerprint": "vezUS-42LLM=",
            "labels": {},
            "name": "ofour-static-ip",
            "network": "",
            "network_tier": "PREMIUM",
            "prefix_length": 0,
            "project": "ofour-452518",
            "purpose": "",
            "region": "us-central1",
            "self_link": "https://www.googleapis.com/compute/v1/projects/ofour-452518/regions/us-central1/addresses/ofour-static-ip",
            "subnetwork": "",
            "terraform_labels": {
              "goog-terraform-provisioned": "true"
            },
            "timeouts": null,
            "users": [
              "https://www.googleapis.com/compute/v1/projects/ofour-452518/zones/us-central1-a/instances/ofour-test-server"
            ]
          },
          "sensitive_attributes": [],
          "private": "eyJlMmJmYjczMC1lY2FhLTExZTYtOGY4OC0zNDM2M2JjN2M0YzAiOnsiY3JlYXRlIjoxMjAwMDAwMDAwMDAwLCJkZWxldGUiOjEyMDAwMDAwMDAwMDAsInVwZGF0ZSI6MTIwMDAwMDAwMDAwMH19"
        }
      ]
    },
    {
      "mode": "managed",
      "type": "google_compute_firewall",
      "name": "ssh",
      "provider": "provider[\"registry.terraform.io/hashicorp/google\"]",
      "instances": [
        {
          "schema_version": 1,
          "attributes": {
            "allow": [
              {
                "ports": [
                  "22"
                ],
                "protocol": "tcp"
              }
            ],
            "creation_timestamp": "2025-03-24T08:13:41.241-07:00",
            "deny": [],
            "description": "",
            "destination_ranges": [],
            "direction": "INGRESS",
            "disabled": false,
            "enable_logging": null,
            "id": "projects/ofour-452518/global/firewalls/allow-ssh",
            "log_config": [],
            "name": "allow-ssh",
            "network": "https://www.googleapis.com/compute/v1/projects/ofour-452518/global/networks/default",
            "priority": 1000,
            "project": "ofour-452518",
            "self_link": "https://www.googleapis.com/compute/v1/projects/ofour-452518/global/firewalls/allow-ssh",
            "source_ranges": [
              "0.0.0.0/0"
            ],
            "source_service_accounts": [],
            "source_tags": [],
            "target_service_accounts": [],
            "target_tags": [
              "ssh"
            ],
            "timeouts": null
          },
          "sensitive_attributes": [],
          "private": "eyJlMmJmYjczMC1lY2FhLTExZTYtOGY4OC0zNDM2M2JjN2M0YzAiOnsiY3JlYXRlIjoxMjAwMDAwMDAwMDAwLCJkZWxldGUiOjEyMDAwMDAwMDAwMDAsInVwZGF0ZSI6MTIwMDAwMDAwMDAwMH0sInNjaGVtYV92ZXJzaW9uIjoiMSJ9"
        }
      ]
    },
    {
      "mode": "managed",
      "type": "google_compute_instance",
      "name": "ofour-dev",
      "provider": "provider[\"registry.terraform.io/hashicorp/google\"]",
      "instances": [
        {
          "schema_version": 6,
          "attributes": {
            "advanced_machine_features": [],
            "allow_stopping_for_update": null,
            "attached_disk": [],
            "boot_disk": [
              {
                "auto_delete": true,
                "device_name": "persistent-disk-0",
                "disk_encryption_key_raw": "",
                "disk_encryption_key_sha256": "",
                "initialize_params": [
                  {
                    "enable_confidential_compute": false,
                    "image": "https://www.googleapis.com/compute/v1/projects/ubuntu-os-cloud/global/images/ubuntu-2404-noble-amd64-v20250117",
                    "labels": {},
                    "provisioned_iops": 3060,
                    "provisioned_throughput": 155,
                    "resource_manager_tags": {},
                    "resource_policies": [],
                    "size": 10,
                    "storage_pool": "",
                    "type": "hyperdisk-balanced"
                  }
                ],
                "interface": "",
                "kms_key_self_link": "",
                "mode": "READ_WRITE",
                "source": "https://www.googleapis.com/compute/v1/projects/ofour-452518/zones/us-central1-a/disks/ofour-dev"
              }
            ],
            "can_ip_forward": false,
            "confidential_instance_config": [],
            "cpu_platform": "Intel Emerald Rapids",
            "creation_timestamp": "2025-03-24T08:13:42.779-07:00",
            "current_status": "RUNNING",
            "deletion_protection": false,
            "description": "",
            "desired_status": null,
            "effective_labels": {
              "goog-terraform-provisioned": "true"
            },
            "enable_display": false,
            "guest_accelerator": [],
            "hostname": "",
            "id": "projects/ofour-452518/zones/us-central1-a/instances/ofour-dev",
            "instance_id": "3460504266447046729",
            "key_revocation_action_type": "",
            "label_fingerprint": "vezUS-42LLM=",
            "labels": {},
            "machine_type": "n4-standard-2",
            "metadata": {
              "ssh-keys": "    eliezer:ssh-rsa AAAAB3NzaC1yc2EAAAADAQABAAACAQDwnQxGzvfX2Z7UAXM8KeVj4mxAdXDLVLelE9JaM+/ZfvRataLmIr1/A1A8kX/VUsnKtrBzy6+cggxIaffbIq++V9syTark1mPShZU6QgSY6sdoKfZaTGdrOhAAWBsj4NzEQuHWraa5vsA+aroWacCMZpMXPs+EKLcj91gkLY6nOhO6qnyzdfuK6ZwVUe4U7cODzvuiJPIigHuge6NON3E1mTQu1Yadn884E5pPU4UoDxn9P0KaYxqlCqQAriMghzrBwmiAtIlRcZEO3AII4BE1Yu7+e91qsAt1WXGT5MlJBAQ2W2CXP+R6hbiUlSx0wxSSY37yXg0jMVAOwvDWeTCLg/qN9lgU1JhArwJSg2BlDUHaxZvH/0ZvgakYHUHSOHj3ZorLd2RQwuYgDgWKtfi8R5E1P6uSNW0C4tEwCFfZZfeE2DFg4V1HoTLS4Uc8PSjjLpbCNKxKL1PfewjJ2nmP0ma6tFFNfLUZXxpJSMUZ7vbDW53m7RKM5+m6peFJs21PTVz9ta9HfmfyvQ/+cPPE9rfumcJt4TIOGFYuQmweWUaIaM+6lhYBQUVhAQNWx0Nw0fRXXeicN4AMlv+N9qRu6SVH1Jw1QUi548oZyy7a+WThHgJLIXlqwjVqF4FjzUKDPuw4RV4XxXbTdUvNHh3zQbrzkwDW1kpNIuVb6jnzxQ== student@640721638cf75b810fef59e6.cloud.eddi.xyz\n\n    kevin:ssh-ed25519 AAAAC3NzaC1lZDI1NTE5AAAAIMrXhQnvuj8Yi/Mr8bBiEN3UH9vOJ8AEm8QICvOIgd6G kevin@kevin-Devops\n    nour:ssh-ed25519 AAAAC3NzaC1lZDI1NTE5AAAAIOyZ8mPQzIOgGNKW/k+3jLK7ca5GDGXP7uD+d8S0RHEy noorbelkacem5@gmail.com\n"
            },
            "metadata_fingerprint": "c8bj8_IsiOs=",
            "metadata_startup_script": null,
            "min_cpu_platform": "",
            "name": "ofour-dev",
            "network_interface": [
              {
                "access_config": [
                  {
                    "nat_ip": "34.30.93.57",
                    "network_tier": "PREMIUM",
                    "public_ptr_domain_name": ""
                  }
                ],
                "alias_ip_range": [],
                "internal_ipv6_prefix_length": 0,
                "ipv6_access_config": [],
                "ipv6_access_type": "",
                "ipv6_address": "",
                "name": "nic0",
                "network": "https://www.googleapis.com/compute/v1/projects/ofour-452518/global/networks/default",
                "network_attachment": "",
                "network_ip": "10.128.0.2",
                "nic_type": "",
                "queue_count": 0,
                "stack_type": "IPV4_ONLY",
                "subnetwork": "https://www.googleapis.com/compute/v1/projects/ofour-452518/regions/us-central1/subnetworks/default",
                "subnetwork_project": "ofour-452518"
              }
            ],
            "network_performance_config": [],
            "params": [],
            "project": "ofour-452518",
            "reservation_affinity": [],
            "resource_policies": [],
            "scheduling": [
              {
                "automatic_restart": true,
                "availability_domain": 0,
                "instance_termination_action": "",
                "local_ssd_recovery_timeout": [],
                "max_run_duration": [],
                "min_node_cpus": 0,
                "node_affinities": [],
                "on_host_maintenance": "MIGRATE",
                "on_instance_stop_action": [],
                "preemptible": false,
                "provisioning_model": "STANDARD",
                "termination_time": ""
              }
            ],
            "scratch_disk": [],
            "self_link": "https://www.googleapis.com/compute/v1/projects/ofour-452518/zones/us-central1-a/instances/ofour-dev",
            "service_account": [],
            "shielded_instance_config": [
              {
                "enable_integrity_monitoring": true,
                "enable_secure_boot": false,
                "enable_vtpm": true
              }
            ],
            "tags": [
              "ssh"
            ],
            "tags_fingerprint": "pfSjJj1RiUg=",
            "terraform_labels": {
              "goog-terraform-provisioned": "true"
            },
            "timeouts": null,
            "zone": "us-central1-a"
          },
          "sensitive_attributes": [
            [
              {
                "type": "get_attr",
                "value": "boot_disk"
              },
              {
                "type": "index",
                "value": {
                  "value": 0,
                  "type": "number"
                }
              },
              {
                "type": "get_attr",
                "value": "disk_encryption_key_raw"
              }
            ]
          ],
          "private": "eyJlMmJmYjczMC1lY2FhLTExZTYtOGY4OC0zNDM2M2JjN2M0YzAiOnsiY3JlYXRlIjoxMjAwMDAwMDAwMDAwLCJkZWxldGUiOjEyMDAwMDAwMDAwMDAsInVwZGF0ZSI6MTIwMDAwMDAwMDAwMH0sInNjaGVtYV92ZXJzaW9uIjoiNiJ9"
        }
      ]
    },
    {
      "mode": "managed",
      "type": "google_compute_instance",
      "name": "server",
      "provider": "provider[\"registry.terraform.io/hashicorp/google\"]",
      "instances": [
        {
          "schema_version": 6,
          "attributes": {
            "advanced_machine_features": [],
            "allow_stopping_for_update": null,
            "attached_disk": [],
            "boot_disk": [
              {
                "auto_delete": true,
                "device_name": "persistent-disk-0",
                "disk_encryption_key_raw": "",
                "disk_encryption_key_sha256": "",
                "initialize_params": [
                  {
                    "enable_confidential_compute": false,
                    "image": "https://www.googleapis.com/compute/v1/projects/ubuntu-os-cloud/global/images/ubuntu-2404-noble-amd64-v20250117",
                    "labels": {},
                    "provisioned_iops": 3060,
                    "provisioned_throughput": 155,
                    "resource_manager_tags": {},
                    "resource_policies": [],
                    "size": 10,
                    "storage_pool": "",
                    "type": "hyperdisk-balanced"
                  }
                ],
                "interface": "",
                "kms_key_self_link": "",
                "mode": "READ_WRITE",
                "source": "https://www.googleapis.com/compute/v1/projects/ofour-452518/zones/us-central1-a/disks/ofour-test-server"
              }
            ],
            "can_ip_forward": false,
            "confidential_instance_config": [],
            "cpu_platform": "Intel Emerald Rapids",
            "creation_timestamp": "2025-03-24T08:13:58.555-07:00",
            "current_status": "RUNNING",
            "deletion_protection": false,
            "description": "",
            "desired_status": null,
            "effective_labels": {
              "goog-terraform-provisioned": "true"
            },
            "enable_display": false,
            "guest_accelerator": [],
            "hostname": "",
            "id": "projects/ofour-452518/zones/us-central1-a/instances/ofour-test-server",
            "instance_id": "980878651279853657",
            "key_revocation_action_type": "",
            "label_fingerprint": "vezUS-42LLM=",
            "labels": {},
            "machine_type": "n4-standard-2",
            "metadata": {
              "ssh-keys": "    eliezer:ssh-rsa AAAAB3NzaC1yc2EAAAADAQABAAACAQDwnQxGzvfX2Z7UAXM8KeVj4mxAdXDLVLelE9JaM+/ZfvRataLmIr1/A1A8kX/VUsnKtrBzy6+cggxIaffbIq++V9syTark1mPShZU6QgSY6sdoKfZaTGdrOhAAWBsj4NzEQuHWraa5vsA+aroWacCMZpMXPs+EKLcj91gkLY6nOhO6qnyzdfuK6ZwVUe4U7cODzvuiJPIigHuge6NON3E1mTQu1Yadn884E5pPU4UoDxn9P0KaYxqlCqQAriMghzrBwmiAtIlRcZEO3AII4BE1Yu7+e91qsAt1WXGT5MlJBAQ2W2CXP+R6hbiUlSx0wxSSY37yXg0jMVAOwvDWeTCLg/qN9lgU1JhArwJSg2BlDUHaxZvH/0ZvgakYHUHSOHj3ZorLd2RQwuYgDgWKtfi8R5E1P6uSNW0C4tEwCFfZZfeE2DFg4V1HoTLS4Uc8PSjjLpbCNKxKL1PfewjJ2nmP0ma6tFFNfLUZXxpJSMUZ7vbDW53m7RKM5+m6peFJs21PTVz9ta9HfmfyvQ/+cPPE9rfumcJt4TIOGFYuQmweWUaIaM+6lhYBQUVhAQNWx0Nw0fRXXeicN4AMlv+N9qRu6SVH1Jw1QUi548oZyy7a+WThHgJLIXlqwjVqF4FjzUKDPuw4RV4XxXbTdUvNHh3zQbrzkwDW1kpNIuVb6jnzxQ== student@640721638cf75b810fef59e6.cloud.eddi.xyz\n\n    kevin:ssh-ed25519 AAAAC3NzaC1lZDI1NTE5AAAAIMrXhQnvuj8Yi/Mr8bBiEN3UH9vOJ8AEm8QICvOIgd6G kevin@kevin-Devops\n    nour:ssh-ed25519 AAAAC3NzaC1lZDI1NTE5AAAAIOyZ8mPQzIOgGNKW/k+3jLK7ca5GDGXP7uD+d8S0RHEy noorbelkacem5@gmail.com\n"
            },
            "metadata_fingerprint": "c8bj8_IsiOs=",
            "metadata_startup_script": null,
            "min_cpu_platform": "",
            "name": "ofour-test-server",
            "network_interface": [
              {
                "access_config": [
                  {
                    "nat_ip": "34.59.46.75",
                    "network_tier": "PREMIUM",
                    "public_ptr_domain_name": ""
                  }
                ],
                "alias_ip_range": [],
                "internal_ipv6_prefix_length": 0,
                "ipv6_access_config": [],
                "ipv6_access_type": "",
                "ipv6_address": "",
                "name": "nic0",
                "network": "https://www.googleapis.com/compute/v1/projects/ofour-452518/global/networks/default",
                "network_attachment": "",
                "network_ip": "10.128.0.3",
                "nic_type": "",
                "queue_count": 0,
                "stack_type": "IPV4_ONLY",
                "subnetwork": "https://www.googleapis.com/compute/v1/projects/ofour-452518/regions/us-central1/subnetworks/default",
                "subnetwork_project": "ofour-452518"
              }
            ],
            "network_performance_config": [],
            "params": [],
            "project": "ofour-452518",
            "reservation_affinity": [],
            "resource_policies": [],
            "scheduling": [
              {
                "automatic_restart": true,
                "availability_domain": 0,
                "instance_termination_action": "",
                "local_ssd_recovery_timeout": [],
                "max_run_duration": [],
                "min_node_cpus": 0,
                "node_affinities": [],
                "on_host_maintenance": "MIGRATE",
                "on_instance_stop_action": [],
                "preemptible": false,
                "provisioning_model": "STANDARD",
                "termination_time": ""
              }
            ],
            "scratch_disk": [],
            "self_link": "https://www.googleapis.com/compute/v1/projects/ofour-452518/zones/us-central1-a/instances/ofour-test-server",
            "service_account": [],
            "shielded_instance_config": [
              {
                "enable_integrity_monitoring": true,
                "enable_secure_boot": false,
                "enable_vtpm": true
              }
            ],
            "tags": [
              "ssh"
            ],
            "tags_fingerprint": "pfSjJj1RiUg=",
            "terraform_labels": {
              "goog-terraform-provisioned": "true"
            },
            "timeouts": null,
            "zone": "us-central1-a"
          },
          "sensitive_attributes": [
            [
              {
                "type": "get_attr",
                "value": "boot_disk"
              },
              {
                "type": "index",
                "value": {
                  "value": 0,
                  "type": "number"
                }
              },
              {
                "type": "get_attr",
                "value": "disk_encryption_key_raw"
              }
            ]
          ],
          "private": "eyJlMmJmYjczMC1lY2FhLTExZTYtOGY4OC0zNDM2M2JjN2M0YzAiOnsiY3JlYXRlIjoxMjAwMDAwMDAwMDAwLCJkZWxldGUiOjEyMDAwMDAwMDAwMDAsInVwZGF0ZSI6MTIwMDAwMDAwMDAwMH0sInNjaGVtYV92ZXJzaW9uIjoiNiJ9",
          "dependencies": [
            "google_compute_address.default"
          ]
        }
      ]
    },
    {
      "mode": "managed",
      "type": "google_project_iam_binding",
      "name": "project",
      "provider": "provider[\"registry.terraform.io/hashicorp/google\"]",
      "instances": [
        {
          "schema_version": 0,
          "attributes": {
            "condition": [],
            "etag": "BwYxKuG5ToY=",
            "id": "ofour-452518/roles/iam.roleAdmin",
            "members": [
              "serviceAccount:ofour-409@ofour-452518.iam.gserviceaccount.com"
            ],
            "project": "ofour-452518",
            "role": "roles/iam.roleAdmin"
          },
          "sensitive_attributes": [],
          "private": "bnVsbA=="
        }
      ]
    },
    {
      "mode": "managed",
      "type": "google_project_iam_custom_role",
      "name": "custom_iam_role",
      "provider": "provider[\"registry.terraform.io/hashicorp/google\"]",
      "instances": [
        {
          "schema_version": 0,
          "attributes": {
            "deleted": false,
            "description": "A custom role with specific IAM permissions",
            "id": "projects/ofour-452518/roles/customIamRole",
            "name": "projects/ofour-452518/roles/customIamRole",
            "permissions": [
              "iam.roles.create",
              "iam.roles.delete",
              "iam.roles.list",
              "resourcemanager.projects.getIamPolicy",
              "resourcemanager.projects.setIamPolicy"
            ],
            "project": "ofour-452518",
            "role_id": "customIamRole",
            "stage": "GA",
            "title": "Custom IAM Role"
          },
          "sensitive_attributes": [],
          "private": "bnVsbA=="
        }
      ]
    },
    {
      "mode": "managed",
      "type": "google_project_iam_member",
      "name": "sql_client",
      "provider": "provider[\"registry.terraform.io/hashicorp/google\"]",
      "instances": [
        {
          "schema_version": 0,
          "attributes": {
            "condition": [],
            "etag": "BwYxKuG5ToY=",
            "id": "ofour-452518/roles/cloudsql.client/serviceAccount:p59248914206-rk5cxn@gcp-sa-cloud-sql.iam.gserviceaccount.com",
            "member": "serviceAccount:p59248914206-rk5cxn@gcp-sa-cloud-sql.iam.gserviceaccount.com",
            "project": "ofour-452518",
            "role": "roles/cloudsql.client"
          },
          "sensitive_attributes": [],
          "private": "bnVsbA==",
          "dependencies": [
            "google_sql_database_instance.mysql-instance"
          ]
        }
      ]
    },
    {
      "mode": "managed",
      "type": "google_project_service",
      "name": "enable_resource_manager",
      "provider": "provider[\"registry.terraform.io/hashicorp/google\"]",
      "instances": [
        {
          "schema_version": 0,
          "attributes": {
            "disable_dependent_services": null,
            "disable_on_destroy": true,
            "id": "59248914206/cloudresourcemanager.googleapis.com",
            "project": "59248914206",
            "service": "cloudresourcemanager.googleapis.com",
            "timeouts": null
          },
          "sensitive_attributes": [],
          "private": "eyJlMmJmYjczMC1lY2FhLTExZTYtOGY4OC0zNDM2M2JjN2M0YzAiOnsiY3JlYXRlIjoxMjAwMDAwMDAwMDAwLCJkZWxldGUiOjEyMDAwMDAwMDAwMDAsInJlYWQiOjYwMDAwMDAwMDAwMCwidXBkYXRlIjoxMjAwMDAwMDAwMDAwfX0="
        }
      ]
    },
    {
      "mode": "managed",
      "type": "google_sql_database",
      "name": "ofour",
      "provider": "provider[\"registry.terraform.io/hashicorp/google\"]",
      "instances": [
        {
          "schema_version": 0,
          "attributes": {
            "charset": "utf8mb4",
            "collation": "utf8mb4_0900_ai_ci",
            "deletion_policy": "DELETE",
            "id": "projects/ofour-452518/instances/mysql-instance/databases/ofour",
            "instance": "mysql-instance",
            "name": "ofour",
            "project": "ofour-452518",
            "self_link": "https://sqladmin.googleapis.com/sql/v1beta4/projects/ofour-452518/instances/mysql-instance/databases/ofour",
            "timeouts": null
          },
          "sensitive_attributes": [],
          "private": "eyJlMmJmYjczMC1lY2FhLTExZTYtOGY4OC0zNDM2M2JjN2M0YzAiOnsiY3JlYXRlIjoxMjAwMDAwMDAwMDAwLCJkZWxldGUiOjEyMDAwMDAwMDAwMDAsInVwZGF0ZSI6MTIwMDAwMDAwMDAwMH19",
          "dependencies": [
            "google_sql_database_instance.mysql-instance"
          ]
        }
      ]
    },
    {
      "mode": "managed",
      "type": "google_sql_database_instance",
      "name": "mysql-instance",
      "provider": "provider[\"registry.terraform.io/hashicorp/google\"]",
      "instances": [
        {
          "schema_version": 0,
          "attributes": {
            "available_maintenance_versions": [],
            "clone": [],
            "connection_name": "ofour-452518:us-central1:mysql-instance",
            "database_version": "MYSQL_8_0",
            "deletion_protection": true,
            "dns_name": "",
            "encryption_key_name": null,
            "first_ip_address": "34.56.219.5",
            "id": "mysql-instance",
            "instance_type": "CLOUD_SQL_INSTANCE",
            "ip_address": [
              {
                "ip_address": "34.56.219.5",
                "time_to_retire": "",
                "type": "PRIMARY"
              }
            ],
            "maintenance_version": "MYSQL_8_0_37.R20250304.00_01",
            "master_instance_name": "",
            "name": "mysql-instance",
            "private_ip_address": "",
            "project": "ofour-452518",
            "psc_service_attachment_link": "",
            "public_ip_address": "34.56.219.5",
            "region": "us-central1",
            "replica_configuration": [],
            "replica_names": [],
            "replication_cluster": [
              {
                "dr_replica": false,
                "failover_dr_replica_name": ""
              }
            ],
            "restore_backup_context": [],
            "root_password": null,
            "self_link": "https://sqladmin.googleapis.com/sql/v1beta4/projects/ofour-452518/instances/mysql-instance",
            "server_ca_cert": [
              {
                "cert": "-----BEGIN CERTIFICATE-----\nMIIDfzCCAmegAwIBAgIBADANBgkqhkiG9w0BAQsFADB3MS0wKwYDVQQuEyQzMmI2\nZGY2NS1mOTZiLTQ3MDAtYTZmOS01OTBlYTZiZDM2ZGUxIzAhBgNVBAMTGkdvb2ds\nZSBDbG91ZCBTUUwgU2VydmVyIENBMRQwEgYDVQQKEwtHb29nbGUsIEluYzELMAkG\nA1UEBhMCVVMwHhcNMjUwMzI0MTUxNDIxWhcNMzUwMzIyMTUxNTIxWjB3MS0wKwYD\nVQQuEyQzMmI2ZGY2NS1mOTZiLTQ3MDAtYTZmOS01OTBlYTZiZDM2ZGUxIzAhBgNV\nBAMTGkdvb2dsZSBDbG91ZCBTUUwgU2VydmVyIENBMRQwEgYDVQQKEwtHb29nbGUs\nIEluYzELMAkGA1UEBhMCVVMwggEiMA0GCSqGSIb3DQEBAQUAA4IBDwAwggEKAoIB\nAQCfihpYwiOzMOxFxB7d9KRw+Z8WDO1zw1+TBrQ4NZdJ9wOFKbkC8kp7HZvtVDno\n8nyw1gywzrpLGpINTVQLY6oZxkfUupdFLh0k6t5dRGSLyzwd5T3rN6SzyVhbCl7N\nt+N5rnhVHYKAFetr/4hz3aoJVh+DYa0EjS66Uvg/ofjGF9VEOiP9M5nyKasfr2uM\nY/j9SqMCsIBIetxXBG/NM8BvIZ3AbgH1vAcaZ2lpuUKV1Vdugte+1jNt0m9BVrUf\ns1DKS60PJLXX1bKmWSv7SeoCuz28aUJgW4Hohq7Fc9sxrD9/cBDUe/+eCMnbt2bX\ntKinvrXQfk+SekxebMqGo/DBAgMBAAGjFjAUMBIGA1UdEwEB/wQIMAYBAf8CAQAw\nDQYJKoZIhvcNAQELBQADggEBAHpfOkm8++ocyR8rrE6St0wsW7XbsToU8BkmJw06\npXpQ4Ija/9+1lHU6MbZ8oTHdaVslqWf0FIeHHUbcQlywU2vucAc4IpaxrDakShzu\n7z5d5Y61Myl6qb5cfWyTFxEundc3wEwP4gezNkQP2iWjZMfRGQp4AKNnciQYchyU\nC1RrobnKNTWS5hAwTxMRE/Qo8fKGOGfvkmCkSabjPVqNMqT4KDfEyhS6BFv4SLCU\nLD1dZMNq6prIFoDkJA1yQoonMn8QsJuS3aolIFAdx1glt67Xlsd7MRmTb3020JBW\n8TfL1OZ9ji+yGQUd0cVTPPXhB8pIu/o4r21f/FUbka4K5SQ=\n-----END CERTIFICATE-----",
                "common_name": "C=US,O=Google\\, Inc,CN=Google Cloud SQL Server CA,dnQualifier=32b6df65-f96b-4700-a6f9-590ea6bd36de",
                "create_time": "2025-03-24T15:14:21.511Z",
                "expiration_time": "2035-03-22T15:15:21.511Z",
                "sha1_fingerprint": "8c683321e4a91fb82114f44ad7c8e4d366a8863d"
              }
            ],
            "service_account_email_address": "p59248914206-rk5cxn@gcp-sa-cloud-sql.iam.gserviceaccount.com",
            "settings": [
              {
                "activation_policy": "ALWAYS",
                "active_directory_config": [],
                "advanced_machine_features": [],
                "availability_type": "ZONAL",
                "backup_configuration": [
                  {
                    "backup_retention_settings": [
                      {
                        "retained_backups": 7,
                        "retention_unit": "COUNT"
                      }
                    ],
                    "binary_log_enabled": false,
                    "enabled": true,
                    "location": "us",
                    "point_in_time_recovery_enabled": false,
                    "start_time": "02:00",
                    "transaction_log_retention_days": 7
                  }
                ],
                "collation": "",
                "connector_enforcement": "NOT_REQUIRED",
                "data_cache_config": [
                  {
                    "data_cache_enabled": false
                  }
                ],
                "database_flags": [],
                "deletion_protection_enabled": true,
                "deny_maintenance_period": [],
                "disk_autoresize": true,
                "disk_autoresize_limit": 0,
                "disk_size": 10,
                "disk_type": "PD_SSD",
                "edition": "ENTERPRISE",
                "enable_dataplex_integration": false,
                "enable_google_ml_integration": false,
                "insights_config": [
                  {
                    "query_insights_enabled": false,
                    "query_plans_per_minute": 0,
                    "query_string_length": 0,
                    "record_application_tags": false,
                    "record_client_address": false
                  }
                ],
                "ip_configuration": [
                  {
                    "allocated_ip_range": "",
                    "authorized_networks": [
                      {
                        "expiration_time": "",
                        "name": "eliezer",
                        "value": "88.138.236.172"
                      },
                      {
                        "expiration_time": "",
                        "name": "eliezer_kourou",
                        "value": "35.180.198.214"
                      },
                      {
                        "expiration_time": "",
                        "name": "nour",
                        "value": "94.239.80.68"
                      },
                      {
                        "expiration_time": "",
                        "name": "nour_kourou",
                        "value": "13.39.86.121"
                      },
                      {
                        "expiration_time": "",
                        "name": "ofour-dev",
                        "value": "35.209.188.111"
                      },
                      {
                        "expiration_time": "",
                        "name": "ofour-test-server",
                        "value": "34.60.91.213"
                      },
                      {
                        "expiration_time": "",
                        "name": "test-net-3",
                        "value": "203.0.113.0/24"
                      }
                    ],
                    "enable_private_path_for_google_cloud_services": false,
                    "ipv4_enabled": true,
                    "private_network": "",
                    "psc_config": [],
                    "server_ca_mode": "GOOGLE_MANAGED_INTERNAL_CA",
                    "server_ca_pool": "",
                    "ssl_mode": "ALLOW_UNENCRYPTED_AND_ENCRYPTED"
                  }
                ],
                "location_preference": [
                  {
                    "follow_gae_application": "",
                    "secondary_zone": "",
                    "zone": "us-central1-c"
                  }
                ],
                "maintenance_window": [],
                "password_validation_policy": [
                  {
                    "complexity": "",
                    "disallow_username_substring": false,
                    "enable_password_policy": false,
                    "min_length": 0,
                    "password_change_interval": "",
                    "reuse_interval": 0
                  }
                ],
                "pricing_plan": "PER_USE",
                "sql_server_audit_config": [],
                "tier": "db-f1-micro",
                "time_zone": "",
                "user_labels": {},
                "version": 28
              }
            ],
            "timeouts": null
          },
          "sensitive_attributes": [
            [
              {
                "type": "get_attr",
                "value": "root_password"
              }
            ],
            [
              {
                "type": "get_attr",
                "value": "server_ca_cert"
              }
            ]
          ],
          "private": "eyJlMmJmYjczMC1lY2FhLTExZTYtOGY4OC0zNDM2M2JjN2M0YzAiOnsiY3JlYXRlIjo1NDAwMDAwMDAwMDAwLCJkZWxldGUiOjU0MDAwMDAwMDAwMDAsInVwZGF0ZSI6NTQwMDAwMDAwMDAwMH19"
        }
      ]
    },
    {
      "mode": "managed",
      "type": "google_sql_user",
      "name": "root",
      "provider": "provider[\"registry.terraform.io/hashicorp/google\"]",
      "instances": [
        {
          "schema_version": 1,
          "attributes": {
            "deletion_policy": null,
            "host": "",
            "id": "root//mysql-instance",
            "instance": "mysql-instance",
            "name": "root",
            "password": "",
            "password_policy": [],
            "password_wo": null,
            "password_wo_version": null,
            "project": "ofour-452518",
            "sql_server_user_details": [],
            "timeouts": null,
            "type": ""
          },
          "sensitive_attributes": [
            [
              {
                "type": "get_attr",
                "value": "password"
              }
            ],
            [
              {
                "type": "get_attr",
                "value": "password_wo"
              }
            ]
          ],
          "private": "eyJlMmJmYjczMC1lY2FhLTExZTYtOGY4OC0zNDM2M2JjN2M0YzAiOnsiY3JlYXRlIjo2MDAwMDAwMDAwMDAsImRlbGV0ZSI6NjAwMDAwMDAwMDAwLCJ1cGRhdGUiOjYwMDAwMDAwMDAwMH0sInNjaGVtYV92ZXJzaW9uIjoiMSJ9",
          "dependencies": [
            "google_sql_database_instance.mysql-instance"
          ]
        }
      ]
    },
    {
      "mode": "managed",
      "type": "google_storage_bucket",
      "name": "static",
      "provider": "provider[\"registry.terraform.io/hashicorp/google\"]",
      "instances": [
        {
          "schema_version": 3,
          "attributes": {
            "autoclass": [],
            "cors": [],
            "custom_placement_config": [],
            "default_event_based_hold": false,
            "effective_labels": {
              "goog-terraform-provisioned": "true"
            },
            "enable_object_retention": false,
            "encryption": [],
            "force_destroy": false,
            "hierarchical_namespace": [
              {
                "enabled": false
              }
            ],
            "id": "d602905d1d220b3f-new-bucket",
            "labels": {},
            "lifecycle_rule": [],
            "location": "EU",
            "logging": [],
            "name": "d602905d1d220b3f-new-bucket",
            "project": "ofour-452518",
            "project_number": 59248914206,
            "public_access_prevention": "inherited",
            "requester_pays": false,
            "retention_policy": [],
            "rpo": "DEFAULT",
            "self_link": "https://www.googleapis.com/storage/v1/b/d602905d1d220b3f-new-bucket",
            "soft_delete_policy": [
              {
                "effective_time": "2025-03-24T12:16:24.374Z",
                "retention_duration_seconds": 604800
              }
            ],
            "storage_class": "STANDARD",
            "terraform_labels": {
              "goog-terraform-provisioned": "true"
            },
            "timeouts": null,
            "uniform_bucket_level_access": false,
            "url": "gs://d602905d1d220b3f-new-bucket",
            "versioning": [
              {
                "enabled": true
              }
            ],
            "website": []
          },
          "sensitive_attributes": [],
          "private": "eyJlMmJmYjczMC1lY2FhLTExZTYtOGY4OC0zNDM2M2JjN2M0YzAiOnsiY3JlYXRlIjo2MDAwMDAwMDAwMDAsInJlYWQiOjI0MDAwMDAwMDAwMCwidXBkYXRlIjoyNDAwMDAwMDAwMDB9LCJzY2hlbWFfdmVyc2lvbiI6IjMifQ==",
          "dependencies": [
            "random_id.bucket_ofour"
          ]
        }
      ]
    },
    {
      "mode": "managed",
      "type": "google_storage_bucket_iam_member",
      "name": "sql_storage_object_viewer",
      "provider": "provider[\"registry.terraform.io/hashicorp/google\"]",
      "instances": [
        {
          "schema_version": 0,
          "attributes": {
            "bucket": "b/d602905d1d220b3f-new-bucket",
            "condition": [],
            "etag": "CAQ=",
            "id": "b/d602905d1d220b3f-new-bucket/roles/storage.objectViewer/serviceAccount:p59248914206-rk5cxn@gcp-sa-cloud-sql.iam.gserviceaccount.com",
            "member": "serviceAccount:p59248914206-rk5cxn@gcp-sa-cloud-sql.iam.gserviceaccount.com",
            "role": "roles/storage.objectViewer"
          },
          "sensitive_attributes": [],
          "private": "bnVsbA==",
          "dependencies": [
            "google_sql_database_instance.mysql-instance",
            "google_storage_bucket.static",
            "random_id.bucket_ofour"
          ]
        }
      ]
    },
    {
      "mode": "managed",
      "type": "google_storage_bucket_object",
      "name": "sql_file",
      "provider": "provider[\"registry.terraform.io/hashicorp/google\"]",
      "instances": [
        {
          "schema_version": 0,
          "attributes": {
            "bucket": "d602905d1d220b3f-new-bucket",
            "cache_control": "",
            "content": null,
            "content_disposition": "",
            "content_encoding": "",
            "content_language": "",
            "content_type": "text/plain; charset=utf-8",
            "crc32c": "zettdg==",
            "customer_encryption": [],
            "detect_md5hash": "nxFRvMdvFBZHpWN76m9GIA==",
            "event_based_hold": false,
            "generation": 1742984929211450,
            "id": "d602905d1d220b3f-new-bucket-sql",
            "kms_key_name": "",
            "md5hash": "nxFRvMdvFBZHpWN76m9GIA==",
            "media_link": "https://storage.googleapis.com/download/storage/v1/b/d602905d1d220b3f-new-bucket/o/sql?generation=1742984929211450\u0026alt=media",
            "metadata": {},
            "name": "sql",
            "output_name": "sql",
            "retention": [],
            "self_link": "https://www.googleapis.com/storage/v1/b/d602905d1d220b3f-new-bucket/o/sql",
            "source": "../bdd/init.sql",
            "storage_class": "STANDARD",
            "temporary_hold": false,
            "timeouts": null
          },
          "sensitive_attributes": [
            [
              {
                "type": "get_attr",
                "value": "content"
              }
            ]
          ],
          "private": "eyJlMmJmYjczMC1lY2FhLTExZTYtOGY4OC0zNDM2M2JjN2M0YzAiOnsiY3JlYXRlIjoyNDAwMDAwMDAwMDAsImRlbGV0ZSI6MjQwMDAwMDAwMDAwLCJ1cGRhdGUiOjI0MDAwMDAwMDAwMH19",
          "dependencies": [
            "google_storage_bucket.static",
            "random_id.bucket_ofour"
          ]
        }
      ]
    },
    {
      "mode": "managed",
      "type": "google_storage_bucket_object",
      "name": "stats_file",
      "provider": "provider[\"registry.terraform.io/hashicorp/google\"]",
      "instances": [
        {
          "schema_version": 0,
          "attributes": {
            "bucket": "d602905d1d220b3f-new-bucket",
            "cache_control": "",
            "content": null,
            "content_disposition": "",
            "content_encoding": "",
            "content_language": "",
            "content_type": "application/json",
            "crc32c": "j1j3FQ==",
            "customer_encryption": [],
            "detect_md5hash": "UsM2TBcgWuHaprzcuqfiLA==",
            "event_based_hold": false,
            "generation": 1742987921485855,
            "id": "d602905d1d220b3f-new-bucket-stats",
            "kms_key_name": "",
            "md5hash": "UsM2TBcgWuHaprzcuqfiLA==",
            "media_link": "https://storage.googleapis.com/download/storage/v1/b/d602905d1d220b3f-new-bucket/o/stats?generation=1742987921485855\u0026alt=media",
            "metadata": {},
            "name": "stats",
            "output_name": "stats",
            "retention": [],
            "self_link": "https://www.googleapis.com/storage/v1/b/d602905d1d220b3f-new-bucket/o/stats",
            "source": "terraform.tfstate",
            "storage_class": "STANDARD",
            "temporary_hold": false,
            "timeouts": null
          },
          "sensitive_attributes": [
            [
              {
                "type": "get_attr",
                "value": "content"
              }
            ]
          ],
          "private": "eyJlMmJmYjczMC1lY2FhLTExZTYtOGY4OC0zNDM2M2JjN2M0YzAiOnsiY3JlYXRlIjoyNDAwMDAwMDAwMDAsImRlbGV0ZSI6MjQwMDAwMDAwMDAwLCJ1cGRhdGUiOjI0MDAwMDAwMDAwMH19",
          "dependencies": [
            "google_storage_bucket.static",
            "random_id.bucket_ofour"
          ]
        }
      ]
    },
    {
      "mode": "managed",
      "type": "null_resource",
      "name": "import_sql",
      "provider": "provider[\"registry.terraform.io/hashicorp/null\"]",
      "instances": [
        {
          "schema_version": 0,
          "attributes": {
            "id": "7796849311896882782",
            "triggers": {
              "sql_content_hash": "Slooq3opHhg1cnK7RCbOVPPv5Ih9MZHSUq88lZWSUCY="
            }
          },
          "sensitive_attributes": [],
          "dependencies": [
            "google_sql_database.ofour",
            "google_sql_database_instance.mysql-instance",
            "google_storage_bucket.static",
            "google_storage_bucket_object.sql_file",
            "random_id.bucket_ofour"
          ]
        }
      ]
    },
    {
      "mode": "managed",
      "type": "random_id",
      "name": "bucket_ofour",
      "provider": "provider[\"registry.terraform.io/hashicorp/random\"]",
      "instances": [
        {
          "schema_version": 0,
          "attributes": {
            "b64_std": "1gKQXR0iCz8=",
            "b64_url": "1gKQXR0iCz8",
            "byte_length": 8,
            "dec": "15421046803665128255",
            "hex": "d602905d1d220b3f",
            "id": "1gKQXR0iCz8",
            "keepers": null,
            "prefix": null
          },
          "sensitive_attributes": []
        }
      ]
    }
  ],
  "check_results": null
}
